{
  "nodes": {
    "nixpkgs": {
      "locked": {
        "lastModified": 1707451808,
        "narHash": "sha256-UwDBUNHNRsYKFJzyTMVMTF5qS4xeJlWoeyJf+6vvamU=",
        "owner": "NixOS",
        "repo": "nixpkgs",
        "rev": "442d407992384ed9c0e6d352de75b69079904e4e",
        "type": "github"
      },
      "original": {
        "id": "nixpkgs",
        "type": "indirect"
      }
    },
    "root": {
      "inputs": {
        "nixpkgs": "nixpkgs",
        "sub1": "sub1"
      }
    },
    "sub1": {
      "flake": false,
      "locked": {
        "lastModified": 1715366423,
        "narHash": "sha256-TP7a+KrpNX1hdMDNoW8WQD1LBfH+QMwuZ2ZviJq9TUM=",
        "ref": "refs/heads/main",
        "rev": "dd7698c92cc2fe573ff18a5c2a334a02f81b18d7",
        "revCount": 10,
        "submodules": true,
        "type": "git",
        "url": "ssh://git@github.com/Princemachiavelli/badsub"
      },
      "original": {
        "rev": "dd7698c92cc2fe573ff18a5c2a334a02f81b18d7",
        "submodules": true,
        "type": "git",
        "url": "ssh://git@github.com/Princemachiavelli/badsub"
      }
    }
  },
  "root": "root",
  "version": 7
}
